
Microsoft Visual Studio Solution File, Format Version 12.00
# Visual Studio Version 17
VisualStudioVersion = 17.7.34221.43
MinimumVisualStudioVersion = 10.0.40219.1
Project("{9A19103F-16F7-4668-BE54-9A1E7A4F7556}") = "LeetCode3Sum", "LeetCode3Sum\LeetCode3Sum.csproj", "{31D764E0-F014-4622-9BAE-727A86285652}"
EndProject
Project("{9A19103F-16F7-4668-BE54-9A1E7A4F7556}") = "RemoveDuplicatesSortedArrayII", "RemoveDuplicatesSortedArrayII\RemoveDuplicatesSortedArrayII.csproj", "{3F0E3158-C213-440E-A41F-FB64521BBE48}"
EndProject
Project("{9A19103F-16F7-4668-BE54-9A1E7A4F7556}") = "RansomNote", "RansomNote\RansomNote.csproj", "{834C8AFE-2180-49D8-AD54-390A35DE151A}"
EndProject
Project("{9A19103F-16F7-4668-BE54-9A1E7A4F7556}") = "TwoSumDictionary", "TwoSumDictionary\TwoSumDictionary.csproj", "{5D4E6B20-0E20-4FAC-AFAA-ACFB914196A8}"
EndProject
Project("{9A19103F-16F7-4668-BE54-9A1E7A4F7556}") = "HappyNumber", "HappyNumber\HappyNumber.csproj", "{49DB39E2-B919-47CD-991D-3419818EA512}"
EndProject
Project("{9A19103F-16F7-4668-BE54-9A1E7A4F7556}") = "ReverseWords", "ReverseWords\ReverseWords.csproj", "{9AE6B5CF-B353-46FF-BEDC-AEF88920574D}"
EndProject
Project("{FAE04EC0-301F-11D3-BF4B-00C04F79EFBC}") = "ProductExceptItself", "ProductExceptItself\ProductExceptItself.csproj", "{186A15B8-DC70-4533-902E-40BC09A8DD39}"
EndProject
Project("{FAE04EC0-301F-11D3-BF4B-00C04F79EFBC}") = "ContainsDuplicate", "ContainsDuplicate\ContainsDuplicate.csproj", "{B2616720-25AC-4FB5-A5F0-D8317E456255}"
EndProject
Project("{FAE04EC0-301F-11D3-BF4B-00C04F79EFBC}") = "Anagram", "Anagram\Anagram.csproj", "{AC748B6C-8504-4BEF-A10C-9255CE383B73}"
EndProject
Project("{FAE04EC0-301F-11D3-BF4B-00C04F79EFBC}") = "TwoSum", "TwoSum\TwoSum.csproj", "{CF924E4A-1946-4F7C-B122-6B2C1E826C22}"
EndProject
Project("{FAE04EC0-301F-11D3-BF4B-00C04F79EFBC}") = "GroupAnagram", "GroupAnagram\GroupAnagram.csproj", "{F2A4FF9E-5516-4E3F-9AEC-C56B070E8508}"
EndProject
Global
	GlobalSection(SolutionConfigurationPlatforms) = preSolution
		Debug|Any CPU = Debug|Any CPU
		Release|Any CPU = Release|Any CPU
	EndGlobalSection
	GlobalSection(ProjectConfigurationPlatforms) = postSolution
		{31D764E0-F014-4622-9BAE-727A86285652}.Debug|Any CPU.ActiveCfg = Debug|Any CPU
		{31D764E0-F014-4622-9BAE-727A86285652}.Debug|Any CPU.Build.0 = Debug|Any CPU
		{31D764E0-F014-4622-9BAE-727A86285652}.Release|Any CPU.ActiveCfg = Release|Any CPU
		{31D764E0-F014-4622-9BAE-727A86285652}.Release|Any CPU.Build.0 = Release|Any CPU
		{3F0E3158-C213-440E-A41F-FB64521BBE48}.Debug|Any CPU.ActiveCfg = Debug|Any CPU
		{3F0E3158-C213-440E-A41F-FB64521BBE48}.Debug|Any CPU.Build.0 = Debug|Any CPU
		{3F0E3158-C213-440E-A41F-FB64521BBE48}.Release|Any CPU.ActiveCfg = Release|Any CPU
		{3F0E3158-C213-440E-A41F-FB64521BBE48}.Release|Any CPU.Build.0 = Release|Any CPU
		{834C8AFE-2180-49D8-AD54-390A35DE151A}.Debug|Any CPU.ActiveCfg = Debug|Any CPU
		{834C8AFE-2180-49D8-AD54-390A35DE151A}.Debug|Any CPU.Build.0 = Debug|Any CPU
		{834C8AFE-2180-49D8-AD54-390A35DE151A}.Release|Any CPU.ActiveCfg = Release|Any CPU
		{834C8AFE-2180-49D8-AD54-390A35DE151A}.Release|Any CPU.Build.0 = Release|Any CPU
		{5D4E6B20-0E20-4FAC-AFAA-ACFB914196A8}.Debug|Any CPU.ActiveCfg = Debug|Any CPU
		{5D4E6B20-0E20-4FAC-AFAA-ACFB914196A8}.Debug|Any CPU.Build.0 = Debug|Any CPU
		{5D4E6B20-0E20-4FAC-AFAA-ACFB914196A8}.Release|Any CPU.ActiveCfg = Release|Any CPU
		{5D4E6B20-0E20-4FAC-AFAA-ACFB914196A8}.Release|Any CPU.Build.0 = Release|Any CPU
		{49DB39E2-B919-47CD-991D-3419818EA512}.Debug|Any CPU.ActiveCfg = Debug|Any CPU
		{49DB39E2-B919-47CD-991D-3419818EA512}.Debug|Any CPU.Build.0 = Debug|Any CPU
		{49DB39E2-B919-47CD-991D-3419818EA512}.Release|Any CPU.ActiveCfg = Release|Any CPU
		{49DB39E2-B919-47CD-991D-3419818EA512}.Release|Any CPU.Build.0 = Release|Any CPU
		{9AE6B5CF-B353-46FF-BEDC-AEF88920574D}.Debug|Any CPU.ActiveCfg = Debug|Any CPU
		{9AE6B5CF-B353-46FF-BEDC-AEF88920574D}.Debug|Any CPU.Build.0 = Debug|Any CPU
		{9AE6B5CF-B353-46FF-BEDC-AEF88920574D}.Release|Any CPU.ActiveCfg = Release|Any CPU
		{9AE6B5CF-B353-46FF-BEDC-AEF88920574D}.Release|Any CPU.Build.0 = Release|Any CPU
		{186A15B8-DC70-4533-902E-40BC09A8DD39}.Debug|Any CPU.ActiveCfg = Debug|Any CPU
		{186A15B8-DC70-4533-902E-40BC09A8DD39}.Debug|Any CPU.Build.0 = Debug|Any CPU
		{186A15B8-DC70-4533-902E-40BC09A8DD39}.Release|Any CPU.ActiveCfg = Release|Any CPU
		{186A15B8-DC70-4533-902E-40BC09A8DD39}.Release|Any CPU.Build.0 = Release|Any CPU
		{B2616720-25AC-4FB5-A5F0-D8317E456255}.Debug|Any CPU.ActiveCfg = Debug|Any CPU
		{B2616720-25AC-4FB5-A5F0-D8317E456255}.Debug|Any CPU.Build.0 = Debug|Any CPU
		{B2616720-25AC-4FB5-A5F0-D8317E456255}.Release|Any CPU.ActiveCfg = Release|Any CPU
		{B2616720-25AC-4FB5-A5F0-D8317E456255}.Release|Any CPU.Build.0 = Release|Any CPU
		{AC748B6C-8504-4BEF-A10C-9255CE383B73}.Debug|Any CPU.ActiveCfg = Debug|Any CPU
		{AC748B6C-8504-4BEF-A10C-9255CE383B73}.Debug|Any CPU.Build.0 = Debug|Any CPU
		{AC748B6C-8504-4BEF-A10C-9255CE383B73}.Release|Any CPU.ActiveCfg = Release|Any CPU
		{AC748B6C-8504-4BEF-A10C-9255CE383B73}.Release|Any CPU.Build.0 = Release|Any CPU
		{CF924E4A-1946-4F7C-B122-6B2C1E826C22}.Debug|Any CPU.ActiveCfg = Debug|Any CPU
		{CF924E4A-1946-4F7C-B122-6B2C1E826C22}.Debug|Any CPU.Build.0 = Debug|Any CPU
		{CF924E4A-1946-4F7C-B122-6B2C1E826C22}.Release|Any CPU.ActiveCfg = Release|Any CPU
		{CF924E4A-1946-4F7C-B122-6B2C1E826C22}.Release|Any CPU.Build.0 = Release|Any CPU
		{F2A4FF9E-5516-4E3F-9AEC-C56B070E8508}.Debug|Any CPU.ActiveCfg = Debug|Any CPU
		{F2A4FF9E-5516-4E3F-9AEC-C56B070E8508}.Debug|Any CPU.Build.0 = Debug|Any CPU
		{F2A4FF9E-5516-4E3F-9AEC-C56B070E8508}.Release|Any CPU.ActiveCfg = Release|Any CPU
		{F2A4FF9E-5516-4E3F-9AEC-C56B070E8508}.Release|Any CPU.Build.0 = Release|Any CPU
	EndGlobalSection
	GlobalSection(SolutionProperties) = preSolution
		HideSolutionNode = FALSE
	EndGlobalSection
	GlobalSection(ExtensibilityGlobals) = postSolution
		SolutionGuid = {A15EF998-E0A1-466A-9904-191B5589D4A3}
	EndGlobalSection
EndGlobal
